
Microsoft Visual Studio Solution File, Format Version 12.00
# Visual Studio Version 16
VisualStudioVersion = 16.0.29613.14
MinimumVisualStudioVersion = 10.0.40219.1
Project("{FAE04EC0-301F-11D3-BF4B-00C04F79EFBC}") = "Temp", "Temp.csproj", "{B7326141-4457-4EB2-9816-22398ED7F8BE}"
EndProject
Global
	GlobalSection(SolutionConfigurationPlatforms) = preSolution
		Debug|Any CPU = Debug|Any CPU
		Release|Any CPU = Release|Any CPU
	EndGlobalSection
	GlobalSection(ProjectConfigurationPlatforms) = postSolution
		{B7326141-4457-4EB2-9816-22398ED7F8BE}.Debug|Any CPU.ActiveCfg = Debug|Any CPU
		{B7326141-4457-4EB2-9816-22398ED7F8BE}.Debug|Any CPU.Build.0 = Debug|Any CPU
		{B7326141-4457-4EB2-9816-22398ED7F8BE}.Release|Any CPU.ActiveCfg = Release|Any CPU
		{B7326141-4457-4EB2-9816-22398ED7F8BE}.Release|Any CPU.Build.0 = Release|Any CPU
	EndGlobalSection
	GlobalSection(SolutionProperties) = preSolution
		HideSolutionNode = FALSE
	EndGlobalSection
	GlobalSection(ExtensibilityGlobals) = postSolution
		SolutionGuid = {CE509DA4-A317-4D71-8619-8DA11EAA9C74}
	EndGlobalSection
EndGlobal
